
Microsoft Visual Studio Solution File, Format Version 12.00
# Visual Studio Version 17
VisualStudioVersion = 17.7.34221.43
MinimumVisualStudioVersion = 10.0.40219.1
Project("{FAE04EC0-301F-11D3-BF4B-00C04F79EFBC}") = "LabDiana", "LabDiana\LabDiana.csproj", "{02A8503E-5642-4F37-8EA5-1B9A0B79EE88}"
EndProject
Global
	GlobalSection(SolutionConfigurationPlatforms) = preSolution
		Debug|Any CPU = Debug|Any CPU
		Release|Any CPU = Release|Any CPU
	EndGlobalSection
	GlobalSection(ProjectConfigurationPlatforms) = postSolution
		{02A8503E-5642-4F37-8EA5-1B9A0B79EE88}.Debug|Any CPU.ActiveCfg = Debug|Any CPU
		{02A8503E-5642-4F37-8EA5-1B9A0B79EE88}.Debug|Any CPU.Build.0 = Debug|Any CPU
		{02A8503E-5642-4F37-8EA5-1B9A0B79EE88}.Release|Any CPU.ActiveCfg = Release|Any CPU
		{02A8503E-5642-4F37-8EA5-1B9A0B79EE88}.Release|Any CPU.Build.0 = Release|Any CPU
	EndGlobalSection
	GlobalSection(SolutionProperties) = preSolution
		HideSolutionNode = FALSE
	EndGlobalSection
	GlobalSection(ExtensibilityGlobals) = postSolution
		SolutionGuid = {86BE1AE9-62C6-4920-82AE-A4D3BB6D0FC8}
	EndGlobalSection
EndGlobal
